
Microsoft Visual Studio Solution File, Format Version 12.00
Project("{FAE04EC0-301F-11D3-BF4B-00C04F79EFBC}") = "Utils", "Utils\Utils.csproj", "{110A9227-9205-4242-93AE-8E359BE1DD1B}"
EndProject
Global
	GlobalSection(SolutionConfigurationPlatforms) = preSolution
		Debug|Any CPU = Debug|Any CPU
		Release|Any CPU = Release|Any CPU
	EndGlobalSection
	GlobalSection(ProjectConfigurationPlatforms) = postSolution
		{110A9227-9205-4242-93AE-8E359BE1DD1B}.Debug|Any CPU.ActiveCfg = Debug|Any CPU
		{110A9227-9205-4242-93AE-8E359BE1DD1B}.Debug|Any CPU.Build.0 = Debug|Any CPU
		{110A9227-9205-4242-93AE-8E359BE1DD1B}.Release|Any CPU.ActiveCfg = Release|Any CPU
		{110A9227-9205-4242-93AE-8E359BE1DD1B}.Release|Any CPU.Build.0 = Release|Any CPU
	EndGlobalSection
EndGlobal
